
Microsoft Visual Studio Solution File, Format Version 12.00
# Visual Studio Version 16
VisualStudioVersion = 16.0.30717.126
MinimumVisualStudioVersion = 10.0.40219.1
Project("{FAE04EC0-301F-11D3-BF4B-00C04F79EFBC}") = "WpfApp", "WpfApp\WpfApp.csproj", "{8058A973-6D84-4779-887E-F478588A3FF2}"
EndProject
Global
	GlobalSection(SolutionConfigurationPlatforms) = preSolution
		Debug|Any CPU = Debug|Any CPU
		Release|Any CPU = Release|Any CPU
	EndGlobalSection
	GlobalSection(ProjectConfigurationPlatforms) = postSolution
		{8058A973-6D84-4779-887E-F478588A3FF2}.Debug|Any CPU.ActiveCfg = Debug|Any CPU
		{8058A973-6D84-4779-887E-F478588A3FF2}.Debug|Any CPU.Build.0 = Debug|Any CPU
		{8058A973-6D84-4779-887E-F478588A3FF2}.Release|Any CPU.ActiveCfg = Release|Any CPU
		{8058A973-6D84-4779-887E-F478588A3FF2}.Release|Any CPU.Build.0 = Release|Any CPU
	EndGlobalSection
	GlobalSection(SolutionProperties) = preSolution
		HideSolutionNode = FALSE
	EndGlobalSection
	GlobalSection(ExtensibilityGlobals) = postSolution
		SolutionGuid = {BDF92600-7C9C-4148-857B-A61FE62A8D0D}
	EndGlobalSection
EndGlobal
